// !$*UTF8*$!
{
	archiveVersion = 1;
	classes = {
	};
	objectVersion = 50;
	objects = {

/* Begin PBXBuildFile section */
		06556FDF2303A80500739C7C /* AppDelegate.swift in Sources */ = {isa = PBXBuildFile; fileRef = 06556FDE2303A80500739C7C /* AppDelegate.swift */; };
		06556FE12303A80500739C7C /* ViewController.swift in Sources */ = {isa = PBXBuildFile; fileRef = 06556FE02303A80500739C7C /* ViewController.swift */; };
		06556FE42303A80500739C7C /* Main.storyboard in Resources */ = {isa = PBXBuildFile; fileRef = 06556FE22303A80500739C7C /* Main.storyboard */; };
		06556FE62303A80600739C7C /* Assets.xcassets in Resources */ = {isa = PBXBuildFile; fileRef = 06556FE52303A80600739C7C /* Assets.xcassets */; };
		06556FE92303A80600739C7C /* LaunchScreen.storyboard in Resources */ = {isa = PBXBuildFile; fileRef = 06556FE72303A80600739C7C /* LaunchScreen.storyboard */; };
		C5F10F263F2739615FE5C982 /* Pods_KinTest.framework in Frameworks */ = {isa = PBXBuildFile; fileRef = DFB9BA19A454B79EED26859C /* Pods_KinTest.framework */; };
/* End PBXBuildFile section */

/* Begin PBXFileReference section */
		06556FDB2303A80500739C7C /* KinTest.app */ = {isa = PBXFileReference; explicitFileType = wrapper.application; includeInIndex = 0; path = KinTest.app; sourceTree = BUILT_PRODUCTS_DIR; };
		06556FDE2303A80500739C7C /* AppDelegate.swift */ = {isa = PBXFileReference; lastKnownFileType = sourcecode.swift; path = AppDelegate.swift; sourceTree = "<group>"; };
		06556FE02303A80500739C7C /* ViewController.swift */ = {isa = PBXFileReference; lastKnownFileType = sourcecode.swift; path = ViewController.swift; sourceTree = "<group>"; };
		06556FE32303A80500739C7C /* Base */ = {isa = PBXFileReference; lastKnownFileType = file.storyboard; name = Base; path = Base.lproj/Main.storyboard; sourceTree = "<group>"; };
		06556FE52303A80600739C7C /* Assets.xcassets */ = {isa = PBXFileReference; lastKnownFileType = folder.assetcatalog; path = Assets.xcassets; sourceTree = "<group>"; };
		06556FE82303A80600739C7C /* Base */ = {isa = PBXFileReference; lastKnownFileType = file.storyboard; name = Base; path = Base.lproj/LaunchScreen.storyboard; sourceTree = "<group>"; };
		06556FEA2303A80600739C7C /* Info.plist */ = {isa = PBXFileReference; lastKnownFileType = text.plist.xml; path = Info.plist; sourceTree = "<group>"; };
		1426053AB5508788721A972C /* Pods-KinTest.debug.xcconfig */ = {isa = PBXFileReference; includeInIndex = 1; lastKnownFileType = text.xcconfig; name = "Pods-KinTest.debug.xcconfig"; path = "Target Support Files/Pods-KinTest/Pods-KinTest.debug.xcconfig"; sourceTree = "<group>"; };
		AB72E08D221158865853CEEB /* Pods-KinTest.release.xcconfig */ = {isa = PBXFileReference; includeInIndex = 1; lastKnownFileType = text.xcconfig; name = "Pods-KinTest.release.xcconfig"; path = "Target Support Files/Pods-KinTest/Pods-KinTest.release.xcconfig"; sourceTree = "<group>"; };
		DFB9BA19A454B79EED26859C /* Pods_KinTest.framework */ = {isa = PBXFileReference; explicitFileType = wrapper.framework; includeInIndex = 0; path = Pods_KinTest.framework; sourceTree = BUILT_PRODUCTS_DIR; };
/* End PBXFileReference section */

/* Begin PBXFrameworksBuildPhase section */
		06556FD82303A80500739C7C /* Frameworks */ = {
			isa = PBXFrameworksBuildPhase;
			buildActionMask = 2147483647;
			files = (
				C5F10F263F2739615FE5C982 /* Pods_KinTest.framework in Frameworks */,
			);
			runOnlyForDeploymentPostprocessing = 0;
		};
/* End PBXFrameworksBuildPhase section */

/* Begin PBXGroup section */
		06556FD22303A80500739C7C = {
			isa = PBXGroup;
			children = (
				06556FDD2303A80500739C7C /* KinTest */,
				06556FDC2303A80500739C7C /* Products */,
				543172A5F15514FD25EC886C /* Pods */,
				7F2EF620D7B5F857304935AE /* Frameworks */,
			);
			sourceTree = "<group>";
		};
		06556FDC2303A80500739C7C /* Products */ = {
			isa = PBXGroup;
			children = (
				06556FDB2303A80500739C7C /* KinTest.app */,
			);
			name = Products;
			sourceTree = "<group>";
		};
		06556FDD2303A80500739C7C /* KinTest */ = {
			isa = PBXGroup;
			children = (
				06556FDE2303A80500739C7C /* AppDelegate.swift */,
				06556FE02303A80500739C7C /* ViewController.swift */,
				06556FE22303A80500739C7C /* Main.storyboard */,
				06556FE52303A80600739C7C /* Assets.xcassets */,
				06556FE72303A80600739C7C /* LaunchScreen.storyboard */,
				06556FEA2303A80600739C7C /* Info.plist */,
			);
			path = KinTest;
			sourceTree = "<group>";
		};
		543172A5F15514FD25EC886C /* Pods */ = {
			isa = PBXGroup;
			children = (
				1426053AB5508788721A972C /* Pods-KinTest.debug.xcconfig */,
				AB72E08D221158865853CEEB /* Pods-KinTest.release.xcconfig */,
			);
			name = Pods;
			path = Pods;
			sourceTree = "<group>";
		};
		7F2EF620D7B5F857304935AE /* Frameworks */ = {
			isa = PBXGroup;
			children = (
				DFB9BA19A454B79EED26859C /* Pods_KinTest.framework */,
			);
			name = Frameworks;
			sourceTree = "<group>";
		};
/* End PBXGroup section */

/* Begin PBXNativeTarget section */
		06556FDA2303A80500739C7C /* KinTest */ = {
			isa = PBXNativeTarget;
			buildConfigurationList = 06556FED2303A80600739C7C /* Build configuration list for PBXNativeTarget "KinTest" */;
			buildPhases = (
				3542D4CB3B4F35C3838D072A /* [CP] Check Pods Manifest.lock */,
				06556FD72303A80500739C7C /* Sources */,
				06556FD82303A80500739C7C /* Frameworks */,
				06556FD92303A80500739C7C /* Resources */,
				D1ECCEBFB0D0B46C02C64506 /* [CP] Embed Pods Frameworks */,
			);
			buildRules = (
			);
			dependencies = (
			);
			name = KinTest;
			productName = KinTest;
			productReference = 06556FDB2303A80500739C7C /* KinTest.app */;
			productType = "com.apple.product-type.application";
		};
/* End PBXNativeTarget section */

/* Begin PBXProject section */
		06556FD32303A80500739C7C /* Project object */ = {
			isa = PBXProject;
			attributes = {
				LastSwiftUpdateCheck = 1030;
				LastUpgradeCheck = 1030;
				ORGANIZATIONNAME = Naveed;
				TargetAttributes = {
					06556FDA2303A80500739C7C = {
						CreatedOnToolsVersion = 10.3;
					};
				};
			};
			buildConfigurationList = 06556FD62303A80500739C7C /* Build configuration list for PBXProject "KinTest" */;
			compatibilityVersion = "Xcode 9.3";
			developmentRegion = en;
			hasScannedForEncodings = 0;
			knownRegions = (
				en,
				Base,
			);
			mainGroup = 06556FD22303A80500739C7C;
			productRefGroup = 06556FDC2303A80500739C7C /* Products */;
			projectDirPath = "";
			projectRoot = "";
			targets = (
				06556FDA2303A80500739C7C /* KinTest */,
			);
		};
/* End PBXProject section */

/* Begin PBXResourcesBuildPhase section */
		06556FD92303A80500739C7C /* Resources */ = {
			isa = PBXResourcesBuildPhase;
			buildActionMask = 2147483647;
			files = (
				06556FE92303A80600739C7C /* LaunchScreen.storyboard in Resources */,
				06556FE62303A80600739C7C /* Assets.xcassets in Resources */,
				06556FE42303A80500739C7C /* Main.storyboard in Resources */,
			);
			runOnlyForDeploymentPostprocessing = 0;
		};
/* End PBXResourcesBuildPhase section */

/* Begin PBXShellScriptBuildPhase section */
		3542D4CB3B4F35C3838D072A /* [CP] Check Pods Manifest.lock */ = {
			isa = PBXShellScriptBuildPhase;
			buildActionMask = 2147483647;
			files = (
			);
			inputFileListPaths = (
			);
			inputPaths = (
				"${PODS_PODFILE_DIR_PATH}/Podfile.lock",
				"${PODS_ROOT}/Manifest.lock",
			);
			name = "[CP] Check Pods Manifest.lock";
			outputFileListPaths = (
			);
			outputPaths = (
				"$(DERIVED_FILE_DIR)/Pods-KinTest-checkManifestLockResult.txt",
			);
			runOnlyForDeploymentPostprocessing = 0;
			shellPath = /bin/sh;
			shellScript = "diff \"${PODS_PODFILE_DIR_PATH}/Podfile.lock\" \"${PODS_ROOT}/Manifest.lock\" > /dev/null\nif [ $? != 0 ] ; then\n    # print error to STDERR\n    echo \"error: The sandbox is not in sync with the Podfile.lock. Run 'pod install' or update your CocoaPods installation.\" >&2\n    exit 1\nfi\n# This output is used by Xcode 'outputs' to avoid re-running this script phase.\necho \"SUCCESS\" > \"${SCRIPT_OUTPUT_FILE_0}\"\n";
			showEnvVarsInLog = 0;
		};
		D1ECCEBFB0D0B46C02C64506 /* [CP] Embed Pods Frameworks */ = {
			isa = PBXShellScriptBuildPhase;
			buildActionMask = 2147483647;
			files = (
			);
			inputFileListPaths = (
				"${PODS_ROOT}/Target Support Files/Pods-KinTest/Pods-KinTest-frameworks-${CONFIGURATION}-input-files.xcfilelist",
			);
			name = "[CP] Embed Pods Frameworks";
			outputFileListPaths = (
				"${PODS_ROOT}/Target Support Files/Pods-KinTest/Pods-KinTest-frameworks-${CONFIGURATION}-output-files.xcfilelist",
			);
			runOnlyForDeploymentPostprocessing = 0;
			shellPath = /bin/sh;
			shellScript = "\"${PODS_ROOT}/Target Support Files/Pods-KinTest/Pods-KinTest-frameworks.sh\"\n";
			showEnvVarsInLog = 0;
		};
/* End PBXShellScriptBuildPhase section */

/* Begin PBXSourcesBuildPhase section */
		06556FD72303A80500739C7C /* Sources */ = {
			isa = PBXSourcesBuildPhase;
			buildActionMask = 2147483647;
			files = (
				06556FE12303A80500739C7C /* ViewController.swift in Sources */,
				06556FDF2303A80500739C7C /* AppDelegate.swift in Sources */,
			);
			runOnlyForDeploymentPostprocessing = 0;
		};
/* End PBXSourcesBuildPhase section */

/* Begin PBXVariantGroup section */
		06556FE22303A80500739C7C /* Main.storyboard */ = {
			isa = PBXVariantGroup;
			children = (
				06556FE32303A80500739C7C /* Base */,
			);
			name = Main.storyboard;
			sourceTree = "<group>";
		};
		06556FE72303A80600739C7C /* LaunchScreen.storyboard */ = {
			isa = PBXVariantGroup;
			children = (
				06556FE82303A80600739C7C /* Base */,
			);
			name = LaunchScreen.storyboard;
			sourceTree = "<group>";
		};
/* End PBXVariantGroup section */

/* Begin XCBuildConfiguration section */
		06556FEB2303A80600739C7C /* Debug */ = {
			isa = XCBuildConfiguration;
			buildSettings = {
				ALWAYS_SEARCH_USER_PATHS = NO;
				CLANG_ANALYZER_NONNULL = YES;
				CLANG_ANALYZER_NUMBER_OBJECT_CONVERSION = YES_AGGRESSIVE;
				CLANG_CXX_LANGUAGE_STANDARD = "gnu++14";
				CLANG_CXX_LIBRARY = "libc++";
				CLANG_ENABLE_MODULES = YES;
				CLANG_ENABLE_OBJC_ARC = YES;
				CLANG_ENABLE_OBJC_WEAK = YES;
				CLANG_WARN_BLOCK_CAPTURE_AUTORELEASING = YES;
				CLANG_WARN_BOOL_CONVERSION = YES;
				CLANG_WARN_COMMA = YES;
				CLANG_WARN_CONSTANT_CONVERSION = YES;
				CLANG_WARN_DEPRECATED_OBJC_IMPLEMENTATIONS = YES;
				CLANG_WARN_DIRECT_OBJC_ISA_USAGE = YES_ERROR;
				CLANG_WARN_DOCUMENTATION_COMMENTS = YES;
				CLANG_WARN_EMPTY_BODY = YES;
				CLANG_WARN_ENUM_CONVERSION = YES;
				CLANG_WARN_INFINITE_RECURSION = YES;
				CLANG_WARN_INT_CONVERSION = YES;
				CLANG_WARN_NON_LITERAL_NULL_CONVERSION = YES;
				CLANG_WARN_OBJC_IMPLICIT_RETAIN_SELF = YES;
				CLANG_WARN_OBJC_LITERAL_CONVERSION = YES;
				CLANG_WARN_OBJC_ROOT_CLASS = YES_ERROR;
				CLANG_WARN_RANGE_LOOP_ANALYSIS = YES;
				CLANG_WARN_STRICT_PROTOTYPES = YES;
				CLANG_WARN_SUSPICIOUS_MOVE = YES;
				CLANG_WARN_UNGUARDED_AVAILABILITY = YES_AGGRESSIVE;
				CLANG_WARN_UNREACHABLE_CODE = YES;
				CLANG_WARN__DUPLICATE_METHOD_MATCH = YES;
				CODE_SIGN_IDENTITY = "iPhone Developer";
				COPY_PHASE_STRIP = NO;
				DEBUG_INFORMATION_FORMAT = dwarf;
				ENABLE_STRICT_OBJC_MSGSEND = YES;
				ENABLE_TESTABILITY = YES;
				GCC_C_LANGUAGE_STANDARD = gnu11;
				GCC_DYNAMIC_NO_PIC = NO;
				GCC_NO_COMMON_BLOCKS = YES;
				GCC_OPTIMIZATION_LEVEL = 0;
				GCC_PREPROCESSOR_DEFINITIONS = (
					"DEBUG=1",
					"$(inherited)",
				);
				GCC_WARN_64_TO_32_BIT_CONVERSION = YES;
				GCC_WARN_ABOUT_RETURN_TYPE = YES_ERROR;
				GCC_WARN_UNDECLARED_SELECTOR = YES;
				GCC_WARN_UNINITIALIZED_AUTOS = YES_AGGRESSIVE;
				GCC_WARN_UNUSED_FUNCTION = YES;
				GCC_WARN_UNUSED_VARIABLE = YES;
				IPHONEOS_DEPLOYMENT_TARGET = 12.4;
				MTL_ENABLE_DEBUG_INFO = INCLUDE_SOURCE;
				MTL_FAST_MATH = YES;
				ONLY_ACTIVE_ARCH = YES;
				SDKROOT = iphoneos;
				SWIFT_ACTIVE_COMPILATION_CONDITIONS = DEBUG;
				SWIFT_OPTIMIZATION_LEVEL = "-Onone";
			};
			name = Debug;
		};
		06556FEC2303A80600739C7C /* Release */ = {
			isa = XCBuildConfiguration;
			buildSettings = {
				ALWAYS_SEARCH_USER_PATHS = NO;
				CLANG_ANALYZER_NONNULL = YES;
				CLANG_ANALYZER_NUMBER_OBJECT_CONVERSION = YES_AGGRESSIVE;
				CLANG_CXX_LANGUAGE_STANDARD = "gnu++14";
				CLANG_CXX_LIBRARY = "libc++";
				CLANG_ENABLE_MODULES = YES;
				CLANG_ENABLE_OBJC_ARC = YES;
				CLANG_ENABLE_OBJC_WEAK = YES;
				CLANG_WARN_BLOCK_CAPTURE_AUTORELEASING = YES;
				CLANG_WARN_BOOL_CONVERSION = YES;
				CLANG_WARN_COMMA = YES;
				CLANG_WARN_CONSTANT_CONVERSION = YES;
				CLANG_WARN_DEPRECATED_OBJC_IMPLEMENTATIONS = YES;
				CLANG_WARN_DIRECT_OBJC_ISA_USAGE = YES_ERROR;
				CLANG_WARN_DOCUMENTATION_COMMENTS = YES;
				CLANG_WARN_EMPTY_BODY = YES;
				CLANG_WARN_ENUM_CONVERSION = YES;
				CLANG_WARN_INFINITE_RECURSION = YES;
				CLANG_WARN_INT_CONVERSION = YES;
				CLANG_WARN_NON_LITERAL_NULL_CONVERSION = YES;
				CLANG_WARN_OBJC_IMPLICIT_RETAIN_SELF = YES;
				CLANG_WARN_OBJC_LITERAL_CONVERSION = YES;
				CLANG_WARN_OBJC_ROOT_CLASS = YES_ERROR;
				CLANG_WARN_RANGE_LOOP_ANALYSIS = YES;
				CLANG_WARN_STRICT_PROTOTYPES = YES;
				CLANG_WARN_SUSPICIOUS_MOVE = YES;
				CLANG_WARN_UNGUARDED_AVAILABILITY = YES_AGGRESSIVE;
				CLANG_WARN_UNREACHABLE_CODE = YES;
				CLANG_WARN__DUPLICATE_METHOD_MATCH = YES;
				CODE_SIGN_IDENTITY = "iPhone Developer";
				COPY_PHASE_STRIP = NO;
				DEBUG_INFORMATION_FORMAT = "dwarf-with-dsym";
				ENABLE_NS_ASSERTIONS = NO;
				ENABLE_STRICT_OBJC_MSGSEND = YES;
				GCC_C_LANGUAGE_STANDARD = gnu11;
				GCC_NO_COMMON_BLOCKS = YES;
				GCC_WARN_64_TO_32_BIT_CONVERSION = YES;
				GCC_WARN_ABOUT_RETURN_TYPE = YES_ERROR;
				GCC_WARN_UNDECLARED_SELECTOR = YES;
				GCC_WARN_UNINITIALIZED_AUTOS = YES_AGGRESSIVE;
				GCC_WARN_UNUSED_FUNCTION = YES;
				GCC_WARN_UNUSED_VARIABLE = YES;
				IPHONEOS_DEPLOYMENT_TARGET = 12.4;
				MTL_ENABLE_DEBUG_INFO = NO;
				MTL_FAST_MATH = YES;
				SDKROOT = iphoneos;
				SWIFT_COMPILATION_MODE = wholemodule;
				SWIFT_OPTIMIZATION_LEVEL = "-O";
				VALIDATE_PRODUCT = YES;
			};
			name = Release;
		};
		06556FEE2303A80600739C7C /* Debug */ = {
			isa = XCBuildConfiguration;
			baseConfigurationReference = 1426053AB5508788721A972C /* Pods-KinTest.debug.xcconfig */;
			buildSettings = {
				ASSETCATALOG_COMPILER_APPICON_NAME = AppIcon;
				CODE_SIGN_STYLE = Automatic;
				DEVELOPMENT_TEAM = 2D29Q847B5;
				INFOPLIST_FILE = KinTest/Info.plist;
				IPHONEOS_DEPLOYMENT_TARGET = 12.0;
				LD_RUNPATH_SEARCH_PATHS = (
					"$(inherited)",
					"@executable_path/Frameworks",
				);
				PRODUCT_BUNDLE_IDENTIFIER = naveed.com.KinTest;
				PRODUCT_NAME = "$(TARGET_NAME)";
				SWIFT_VERSION = 5.0;
				TARGETED_DEVICE_FAMILY = 1;
			};
			name = Debug;
		};
		06556FEF2303A80600739C7C /* Release */ = {
			isa = XCBuildConfiguration;
			baseConfigurationReference = AB72E08D221158865853CEEB /* Pods-KinTest.release.xcconfig */;
			buildSettings = {
				ASSETCATALOG_COMPILER_APPICON_NAME = AppIcon;
				CODE_SIGN_STYLE = Automatic;
				DEVELOPMENT_TEAM = 2D29Q847B5;
				INFOPLIST_FILE = KinTest/Info.plist;
				IPHONEOS_DEPLOYMENT_TARGET = 12.0;
				LD_RUNPATH_SEARCH_PATHS = (
					"$(inherited)",
					"@executable_path/Frameworks",
				);
				PRODUCT_BUNDLE_IDENTIFIER = naveed.com.KinTest;
				PRODUCT_NAME = "$(TARGET_NAME)";
				SWIFT_VERSION = 5.0;
				TARGETED_DEVICE_FAMILY = 1;
			};
			name = Release;
		};
/* End XCBuildConfiguration section */

/* Begin XCConfigurationList section */
		06556FD62303A80500739C7C /* Build configuration list for PBXProject "KinTest" */ = {
			isa = XCConfigurationList;
			buildConfigurations = (
				06556FEB2303A80600739C7C /* Debug */,
				06556FEC2303A80600739C7C /* Release */,
			);
			defaultConfigurationIsVisible = 0;
			defaultConfigurationName = Release;
		};
		06556FED2303A80600739C7C /* Build configuration list for PBXNativeTarget "KinTest" */ = {
			isa = XCConfigurationList;
			buildConfigurations = (
				06556FEE2303A80600739C7C /* Debug */,
				06556FEF2303A80600739C7C /* Release */,
			);
			defaultConfigurationIsVisible = 0;
			defaultConfigurationName = Release;
		};
/* End XCConfigurationList section */
	};
	rootObject = 06556FD32303A80500739C7C /* Project object */;
}
